{
  "name": "fpdojo-agent",
  "version": "0.1.0",
  "lockfileVersion": 3,
  "requires": true,
  "packages": {
    "": {
      "name": "fpdojo-agent",
      "version": "0.1.0",
      "dependencies": {
        "@hono/node-server": "^2.0.4",
        "hono": "^4.12.25",
        "openai": "^6.42.0"
      }
    },
    "node_modules/@hono/node-server": {
      "version": "2.0.4",
      "resolved": "https://registry.npmjs.org/@hono/node-server/-/node-server-2.0.4.tgz",
      "integrity": "sha512-Ut3y0dMMPWy6bZ2kVfx25EOVbZlm15dhF4mOsezMlhpNHy+4MkU1qN9Y6lnruYi4wPmFzimGX2X7LF/FwHli4A==",
      "license": "MIT",
      "engines": {
        "node": ">=20"
      },
      "peerDependencies": {
        "hono": "^4"
      }
    },
    "node_modules/hono": {
      "version": "4.12.25",
      "resolved": "https://registry.npmjs.org/hono/-/hono-4.12.25.tgz",
      "integrity": "sha512-2NFaIyNVgJmBs/ecmtGzlmluTFs5cHEWGTdu0t1HBwYzoGXOL5nUQBRMXsXWla5i4KkG//QMzVP88m1+I3fdAQ==",
      "license": "MIT",
      "engines": {
        "node": ">=16.9.0"
      }
    },
    "node_modules/openai": {
      "version": "6.42.0",
      "resolved": "https://registry.npmjs.org/openai/-/openai-6.42.0.tgz",
      "integrity": "sha512-1WFEt/uXMXOLhYRNkgJWo08Y2YNvNwpVU72K7ibrWgWpNOXd4VojXLbe6SQ4bLiUQ3Y8jz4IiyVkylJCL1DtZg==",
      "license": "Apache-2.0",
      "peerDependencies": {
        "ws": "^8.18.0",
        "zod": "^3.25 || ^4.0"
      },
      "peerDependenciesMeta": {
        "ws": {
          "optional": true
        },
        "zod": {
          "optional": true
        }
      }
    }
  }
}
